
Microsoft Visual Studio Solution File, Format Version 12.00
# Visual Studio Version 17
VisualStudioVersion = 17.0.31521.260
MinimumVisualStudioVersion = 10.0.40219.1
Project("{FAE04EC0-301F-11D3-BF4B-00C04F79EFBC}") = "ReportServer", "ReportServer\ReportServer.csproj", "{C3CDA703-97F6-4FF2-BFDA-951CD2364F42}"
EndProject
Project("{FAE04EC0-301F-11D3-BF4B-00C04F79EFBC}") = "ReportA", "ReportA\ReportA.csproj", "{123B4D2E-E1EA-456C-ACD7-B4B40CBFAC85}"
EndProject
Project("{FAE04EC0-301F-11D3-BF4B-00C04F79EFBC}") = "ReportServer.Extensibility", "ReportServer.Extensibility\ReportServer.Extensibility.csproj", "{3CEF4FBC-FD4B-41DE-92D9-6351C0E7643E}"
EndProject
Project("{FAE04EC0-301F-11D3-BF4B-00C04F79EFBC}") = "ReportB", "ReportB\ReportB.csproj", "{C401815C-071B-49E8-BEC1-58E1D3FB06C4}"
EndProject
Project("{FAE04EC0-301F-11D3-BF4B-00C04F79EFBC}") = "ReportC", "ReportC\ReportC.csproj", "{AA7FC3E5-433F-4610-9041-9ACE13686CBA}"
EndProject
Global
	GlobalSection(SolutionConfigurationPlatforms) = preSolution
		Debug|Any CPU = Debug|Any CPU
		Release|Any CPU = Release|Any CPU
	EndGlobalSection
	GlobalSection(ProjectConfigurationPlatforms) = postSolution
		{C3CDA703-97F6-4FF2-BFDA-951CD2364F42}.Debug|Any CPU.ActiveCfg = Debug|Any CPU
		{C3CDA703-97F6-4FF2-BFDA-951CD2364F42}.Debug|Any CPU.Build.0 = Debug|Any CPU
		{C3CDA703-97F6-4FF2-BFDA-951CD2364F42}.Release|Any CPU.ActiveCfg = Release|Any CPU
		{C3CDA703-97F6-4FF2-BFDA-951CD2364F42}.Release|Any CPU.Build.0 = Release|Any CPU
		{123B4D2E-E1EA-456C-ACD7-B4B40CBFAC85}.Debug|Any CPU.ActiveCfg = Debug|Any CPU
		{123B4D2E-E1EA-456C-ACD7-B4B40CBFAC85}.Debug|Any CPU.Build.0 = Debug|Any CPU
		{123B4D2E-E1EA-456C-ACD7-B4B40CBFAC85}.Release|Any CPU.ActiveCfg = Release|Any CPU
		{123B4D2E-E1EA-456C-ACD7-B4B40CBFAC85}.Release|Any CPU.Build.0 = Release|Any CPU
		{3CEF4FBC-FD4B-41DE-92D9-6351C0E7643E}.Debug|Any CPU.ActiveCfg = Debug|Any CPU
		{3CEF4FBC-FD4B-41DE-92D9-6351C0E7643E}.Debug|Any CPU.Build.0 = Debug|Any CPU
		{3CEF4FBC-FD4B-41DE-92D9-6351C0E7643E}.Release|Any CPU.ActiveCfg = Release|Any CPU
		{3CEF4FBC-FD4B-41DE-92D9-6351C0E7643E}.Release|Any CPU.Build.0 = Release|Any CPU
		{C401815C-071B-49E8-BEC1-58E1D3FB06C4}.Debug|Any CPU.ActiveCfg = Debug|Any CPU
		{C401815C-071B-49E8-BEC1-58E1D3FB06C4}.Debug|Any CPU.Build.0 = Debug|Any CPU
		{C401815C-071B-49E8-BEC1-58E1D3FB06C4}.Release|Any CPU.ActiveCfg = Release|Any CPU
		{C401815C-071B-49E8-BEC1-58E1D3FB06C4}.Release|Any CPU.Build.0 = Release|Any CPU
		{AA7FC3E5-433F-4610-9041-9ACE13686CBA}.Debug|Any CPU.ActiveCfg = Debug|Any CPU
		{AA7FC3E5-433F-4610-9041-9ACE13686CBA}.Debug|Any CPU.Build.0 = Debug|Any CPU
		{AA7FC3E5-433F-4610-9041-9ACE13686CBA}.Release|Any CPU.ActiveCfg = Release|Any CPU
		{AA7FC3E5-433F-4610-9041-9ACE13686CBA}.Release|Any CPU.Build.0 = Release|Any CPU
	EndGlobalSection
	GlobalSection(SolutionProperties) = preSolution
		HideSolutionNode = FALSE
	EndGlobalSection
	GlobalSection(ExtensibilityGlobals) = postSolution
		SolutionGuid = {716203C8-F0B5-42AE-8515-58B01D35900E}
	EndGlobalSection
EndGlobal
